
Microsoft Visual Studio Solution File, Format Version 12.00
# Visual Studio Version 16
VisualStudioVersion = 16.0.31702.278
MinimumVisualStudioVersion = 10.0.40219.1
Project("{FAE04EC0-301F-11D3-BF4B-00C04F79EFBC}") = "DemoProject", "DemoProject\DemoProject.csproj", "{E3A68E22-F49F-4A3D-9270-F6AB335C07EF}"
EndProject
Global
	GlobalSection(SolutionConfigurationPlatforms) = preSolution
		Debug|Any CPU = Debug|Any CPU
		Release|Any CPU = Release|Any CPU
	EndGlobalSection
	GlobalSection(ProjectConfigurationPlatforms) = postSolution
		{E3A68E22-F49F-4A3D-9270-F6AB335C07EF}.Debug|Any CPU.ActiveCfg = Debug|Any CPU
		{E3A68E22-F49F-4A3D-9270-F6AB335C07EF}.Debug|Any CPU.Build.0 = Debug|Any CPU
		{E3A68E22-F49F-4A3D-9270-F6AB335C07EF}.Release|Any CPU.ActiveCfg = Release|Any CPU
		{E3A68E22-F49F-4A3D-9270-F6AB335C07EF}.Release|Any CPU.Build.0 = Release|Any CPU
	EndGlobalSection
	GlobalSection(SolutionProperties) = preSolution
		HideSolutionNode = FALSE
	EndGlobalSection
	GlobalSection(ExtensibilityGlobals) = postSolution
		SolutionGuid = {09BDDBE7-9F9D-4D2E-BBF7-D600ABBB8BFB}
	EndGlobalSection
EndGlobal
